
Microsoft Visual Studio Solution File, Format Version 12.00
# Visual Studio Version 17
VisualStudioVersion = 17.0.31903.59
MinimumVisualStudioVersion = 10.0.40219.1
Project("{9A19103F-16F7-4668-BE54-9A1E7A4F7556}") = "UniversityAdmission.Domain", "UniversityAdmission\UniversityAdmission.Domain.csproj", "{B3A2BF0E-F4C9-44D3-90F4-B729C158C0CF}"
EndProject
Project("{FAE04EC0-301F-11D3-BF4B-00C04F79EFBC}") = "UniversityAdmission.Tests", "UniversityAdmission.Tests\UniversityAdmission.Tests.csproj", "{9D826C6C-A7E2-4CD7-A337-6D910571E593}"
EndProject
Global
	GlobalSection(SolutionConfigurationPlatforms) = preSolution
		Debug|Any CPU = Debug|Any CPU
		Release|Any CPU = Release|Any CPU
	EndGlobalSection
	GlobalSection(ProjectConfigurationPlatforms) = postSolution
		{B3A2BF0E-F4C9-44D3-90F4-B729C158C0CF}.Debug|Any CPU.ActiveCfg = Debug|Any CPU
		{B3A2BF0E-F4C9-44D3-90F4-B729C158C0CF}.Debug|Any CPU.Build.0 = Debug|Any CPU
		{B3A2BF0E-F4C9-44D3-90F4-B729C158C0CF}.Release|Any CPU.ActiveCfg = Release|Any CPU
		{B3A2BF0E-F4C9-44D3-90F4-B729C158C0CF}.Release|Any CPU.Build.0 = Release|Any CPU
		{9D826C6C-A7E2-4CD7-A337-6D910571E593}.Debug|Any CPU.ActiveCfg = Debug|Any CPU
		{9D826C6C-A7E2-4CD7-A337-6D910571E593}.Debug|Any CPU.Build.0 = Debug|Any CPU
		{9D826C6C-A7E2-4CD7-A337-6D910571E593}.Release|Any CPU.ActiveCfg = Release|Any CPU
		{9D826C6C-A7E2-4CD7-A337-6D910571E593}.Release|Any CPU.Build.0 = Release|Any CPU
	EndGlobalSection
	GlobalSection(SolutionProperties) = preSolution
		HideSolutionNode = FALSE
	EndGlobalSection
	GlobalSection(ExtensibilityGlobals) = postSolution
		SolutionGuid = {B0F076A6-941E-433A-A0FF-0FD7D44A8AA2}
	EndGlobalSection
EndGlobal
